
Microsoft Visual Studio Solution File, Format Version 12.00
# Visual Studio Version 17
VisualStudioVersion = 17.9.34728.123
MinimumVisualStudioVersion = 10.0.40219.1
Project("{9A19103F-16F7-4668-BE54-9A1E7A4F7556}") = "Main", "Main\Main.csproj", "{CD3C9813-013D-4032-869E-99A5F2892036}"
EndProject
Project("{9A19103F-16F7-4668-BE54-9A1E7A4F7556}") = "Core", "Core\Core.csproj", "{3A1780D0-CDAA-47BB-837C-ABD49C474765}"
EndProject
Project("{FAE04EC0-301F-11D3-BF4B-00C04F79EFBC}") = "WebServer", "WebServer\WebServer.csproj", "{2029B9C6-3E7B-47F9-949E-BD110027DFE5}"
EndProject
Global
	GlobalSection(SolutionConfigurationPlatforms) = preSolution
		Debug|Any CPU = Debug|Any CPU
		Release|Any CPU = Release|Any CPU
	EndGlobalSection
	GlobalSection(ProjectConfigurationPlatforms) = postSolution
		{CD3C9813-013D-4032-869E-99A5F2892036}.Debug|Any CPU.ActiveCfg = Debug|Any CPU
		{CD3C9813-013D-4032-869E-99A5F2892036}.Debug|Any CPU.Build.0 = Debug|Any CPU
		{CD3C9813-013D-4032-869E-99A5F2892036}.Release|Any CPU.ActiveCfg = Release|Any CPU
		{CD3C9813-013D-4032-869E-99A5F2892036}.Release|Any CPU.Build.0 = Release|Any CPU
		{3A1780D0-CDAA-47BB-837C-ABD49C474765}.Debug|Any CPU.ActiveCfg = Debug|Any CPU
		{3A1780D0-CDAA-47BB-837C-ABD49C474765}.Debug|Any CPU.Build.0 = Debug|Any CPU
		{3A1780D0-CDAA-47BB-837C-ABD49C474765}.Release|Any CPU.ActiveCfg = Release|Any CPU
		{3A1780D0-CDAA-47BB-837C-ABD49C474765}.Release|Any CPU.Build.0 = Release|Any CPU
		{2029B9C6-3E7B-47F9-949E-BD110027DFE5}.Debug|Any CPU.ActiveCfg = Debug|Any CPU
		{2029B9C6-3E7B-47F9-949E-BD110027DFE5}.Debug|Any CPU.Build.0 = Debug|Any CPU
		{2029B9C6-3E7B-47F9-949E-BD110027DFE5}.Release|Any CPU.ActiveCfg = Release|Any CPU
		{2029B9C6-3E7B-47F9-949E-BD110027DFE5}.Release|Any CPU.Build.0 = Release|Any CPU
	EndGlobalSection
	GlobalSection(SolutionProperties) = preSolution
		HideSolutionNode = FALSE
	EndGlobalSection
	GlobalSection(ExtensibilityGlobals) = postSolution
		SolutionGuid = {A0E9BF5C-82F8-48A1-B1EF-AA0821A35279}
	EndGlobalSection
EndGlobal
